<?xml version="1.0" encoding="utf-8"?>
<Project ToolsVersion="4.0" xmlns="http://schemas.microsoft.com/developer/msbuild/2003">
  <ItemGroup>
    <Filter Include="リソース ファイル">
      <UniqueIdentifier>{67DA6AB6-F800-4c08-8B7A-83BB121AAD01}</UniqueIdentifier>
      <Extensions>rc;ico;cur;bmp;dlg;rc2;rct;bin;rgs;gif;jpg;jpeg;jpe;resx;tiff;tif;png;wav;mfcribbon-ms</Extensions>
    </Filter>
    <Filter Include="MiniEngine">
      <UniqueIdentifier>{879c25fa-c2ad-427d-a8db-20c2d03a1bc0}</UniqueIdentifier>
    </Filter>
    <Filter Include="MiniEngine\Manager">
      <UniqueIdentifier>{10983b75-c533-48db-b1a9-87265a4a1a28}</UniqueIdentifier>
    </Filter>
    <Filter Include="MiniEngine\Utility">
      <UniqueIdentifier>{ff080889-c3f9-4995-a0ca-8dcd7124970f}</UniqueIdentifier>
    </Filter>
    <Filter Include="GH">
      <UniqueIdentifier>{e820ffae-9d68-4b7c-840c-9395ff9bfa86}</UniqueIdentifier>
    </Filter>
    <Filter Include="GH\GameObject">
      <UniqueIdentifier>{b745a7e6-a5bc-40a4-ab5b-74b962187ab8}</UniqueIdentifier>
    </Filter>
    <Filter Include="MiniEngine\Attachment">
      <UniqueIdentifier>{06899fec-2507-484c-b8f6-e78208e44b93}</UniqueIdentifier>
    </Filter>
    <Filter Include="MiniEngine\Builder">
      <UniqueIdentifier>{6c59d9f7-5548-4e17-8b57-7cce844357e2}</UniqueIdentifier>
    </Filter>
    <Filter Include="GH\GameScene">
      <UniqueIdentifier>{c1edc495-a22c-4c5b-92ee-60acf424bd3a}</UniqueIdentifier>
    </Filter>
    <Filter Include="GH\GameObject\Title">
      <UniqueIdentifier>{86ed1a53-4c23-408e-b532-bd9378108ca3}</UniqueIdentifier>
    </Filter>
    <Filter Include="GH\GameObject\Play">
      <UniqueIdentifier>{1031e004-d162-454d-9a2f-d27c21361729}</UniqueIdentifier>
    </Filter>
    <Filter Include="ImGui">
      <UniqueIdentifier>{abf7e4f3-b936-450a-a60b-3b566a6e1a0e}</UniqueIdentifier>
    </Filter>
    <Filter Include="MiniEngine\Service">
      <UniqueIdentifier>{8bd46456-1d5b-40d4-bcae-e638c3291661}</UniqueIdentifier>
    </Filter>
    <Filter Include="GH\GameObject\Clear">
      <UniqueIdentifier>{140a3e8d-a3ef-4ba3-b4de-5621faf15c48}</UniqueIdentifier>
    </Filter>
    <Filter Include="GH\GameObject\Test">
      <UniqueIdentifier>{be7ea3e2-cbc3-4fb0-9392-d6bc9fb57f80}</UniqueIdentifier>
    </Filter>
  </ItemGroup>
  <ItemGroup>
    <ClCompile Include="TheMain.cpp" />
    <ClCompile Include="MiniEngine\FrameManager.cpp">
      <Filter>MiniEngine\Manager</Filter>
    </ClCompile>
    <ClCompile Include="MiniEngine\DxLibManager.cpp">
      <Filter>MiniEngine\Manager</Filter>
    </ClCompile>
    <ClCompile Include="MiniEngine\ImageManager.cpp">
      <Filter>MiniEngine\Manager</Filter>
    </ClCompile>
    <ClCompile Include="MiniEngine\InputManager.cpp">
      <Filter>MiniEngine\Manager</Filter>
    </ClCompile>
    <ClCompile Include="MiniEngine\SceneManager.cpp">
      <Filter>MiniEngine\Manager</Filter>
    </ClCompile>
    <ClCompile Include="MiniEngine\Vector3.cpp">
      <Filter>MiniEngine\Utility</Filter>
    </ClCompile>
    <ClCompile Include="MiniEngine\Vector2.cpp">
      <Filter>MiniEngine\Utility</Filter>
    </ClCompile>
    <ClCompile Include="MiniEngine\Box2.cpp">
      <Filter>MiniEngine\Utility</Filter>
    </ClCompile>
    <ClCompile Include="MiniEngine\Transform.cpp">
      <Filter>MiniEngine\Attachment</Filter>
    </ClCompile>
    <ClCompile Include="MiniEngine\AABBCollider.cpp">
      <Filter>MiniEngine\Attachment</Filter>
    </ClCompile>
    <ClCompile Include="MiniEngine\Box3.cpp">
      <Filter>MiniEngine\Utility</Filter>
    </ClCompile>
    <ClCompile Include="MiniEngine\GameObjectBuilder.cpp">
      <Filter>MiniEngine\Builder</Filter>
    </ClCompile>
    <ClCompile Include="PlayScene.cpp">
      <Filter>GH\GameScene</Filter>
    </ClCompile>
    <ClCompile Include="TitleScene.cpp">
      <Filter>GH\GameScene</Filter>
    </ClCompile>
    <ClCompile Include="GirafflingHook.cpp">
      <Filter>GH</Filter>
    </ClCompile>
    <ClCompile Include="MiniEngine\TransformManager.cpp">
      <Filter>MiniEngine\Manager</Filter>
    </ClCompile>
    <ClCompile Include="Play\Ground.cpp">
      <Filter>GH\GameObject\Play</Filter>
    </ClCompile>
    <ClCompile Include="Play\Player.cpp">
      <Filter>GH\GameObject\Play</Filter>
    </ClCompile>
    <ClCompile Include="Title\TitleString.cpp">
      <Filter>GH\GameObject\Title</Filter>
    </ClCompile>
    <ClCompile Include="Title\SelectButton.cpp">
      <Filter>GH\GameObject\Title</Filter>
    </ClCompile>
    <ClCompile Include="Play\Camera.cpp">
      <Filter>GH\GameObject\Play</Filter>
    </ClCompile>
    <ClCompile Include="Title\TitleCamera.cpp">
      <Filter>GH\GameObject\Title</Filter>
    </ClCompile>
    <ClCompile Include="MiniEngine\Draw3D.cpp">
      <Filter>MiniEngine\Utility</Filter>
    </ClCompile>
    <ClCompile Include="Play\GiraffePoint.cpp">
      <Filter>GH\GameObject\Play</Filter>
    </ClCompile>
    <ClCompile Include="MiniEngine\Rigidbody.cpp">
      <Filter>MiniEngine\Attachment</Filter>
    </ClCompile>
    <ClCompile Include="MiniEngine\PhysicsManager.cpp">
      <Filter>MiniEngine\Manager</Filter>
    </ClCompile>
    <ClCompile Include="MiniEngine\Vector2Int.cpp">
      <Filter>MiniEngine\Utility</Filter>
    </ClCompile>
    <ClCompile Include="Play\GroundCollider.cpp">
      <Filter>GH\GameObject\Play</Filter>
    </ClCompile>
    <ClCompile Include="Play\StageBoard.cpp">
      <Filter>GH\GameObject\Play</Filter>
    </ClCompile>
    <ClCompile Include="Play\HookArrow.cpp">
      <Filter>GH\GameObject\Play</Filter>
    </ClCompile>
    <ClCompile Include="MiniEngine\Draw2D.cpp">
      <Filter>MiniEngine\Utility</Filter>
    </ClCompile>
    <ClCompile Include="Play\Goal.cpp">
      <Filter>GH\GameObject\Play</Filter>
    </ClCompile>
    <ClCompile Include="MiniEngine\EasingFunctions.cpp">
      <Filter>MiniEngine\Utility</Filter>
    </ClCompile>
    <ClCompile Include="MiniEngine\ImGuiManager.cpp">
      <Filter>MiniEngine\Manager</Filter>
    </ClCompile>
    <ClCompile Include="Library\ImGui\imgui.cpp">
      <Filter>ImGui</Filter>
    </ClCompile>
    <ClCompile Include="Library\ImGui\imgui_draw.cpp">
      <Filter>ImGui</Filter>
    </ClCompile>
    <ClCompile Include="Library\ImGui\imgui_impl_dx9.cpp">
      <Filter>ImGui</Filter>
    </ClCompile>
    <ClCompile Include="Library\ImGui\imgui_impl_dx11.cpp">
      <Filter>ImGui</Filter>
    </ClCompile>
    <ClCompile Include="Library\ImGui\imgui_impl_win32.cpp">
      <Filter>ImGui</Filter>
    </ClCompile>
    <ClCompile Include="Library\ImGui\imgui_ja_gryph_ranges.cpp">
      <Filter>ImGui</Filter>
    </ClCompile>
    <ClCompile Include="Library\ImGui\imgui_tables.cpp">
      <Filter>ImGui</Filter>
    </ClCompile>
    <ClCompile Include="Library\ImGui\imgui_widgets.cpp">
      <Filter>ImGui</Filter>
    </ClCompile>
    <ClCompile Include="ClearScene.cpp">
      <Filter>GH\GameScene</Filter>
    </ClCompile>
    <ClCompile Include="MiniEngine\SoundManager.cpp">
      <Filter>MiniEngine\Manager</Filter>
    </ClCompile>
    <ClCompile Include="MiniEngine\Frame.cpp">
      <Filter>MiniEngine\Service</Filter>
    </ClCompile>
    <ClCompile Include="MiniEngine\Event.cpp">
      <Filter>MiniEngine\Service</Filter>
    </ClCompile>
    <ClCompile Include="MiniEngine\Input.cpp">
      <Filter>MiniEngine\Service</Filter>
    </ClCompile>
    <ClCompile Include="MiniEngine\Sound.cpp">
      <Filter>MiniEngine\Service</Filter>
    </ClCompile>
    <ClCompile Include="MiniEngine\Attachment.cpp">
      <Filter>MiniEngine\Service</Filter>
    </ClCompile>
    <ClCompile Include="MiniEngine\Entity.cpp">
      <Filter>MiniEngine\Service</Filter>
    </ClCompile>
    <ClCompile Include="MiniEngine\Game.cpp">
      <Filter>MiniEngine\Service</Filter>
    </ClCompile>
    <ClCompile Include="MiniEngine\GameObject.cpp">
      <Filter>MiniEngine\Service</Filter>
    </ClCompile>
    <ClCompile Include="MiniEngine\GameScene.cpp">
      <Filter>MiniEngine\Service</Filter>
    </ClCompile>
    <ClCompile Include="MiniEngine\Image.cpp">
      <Filter>MiniEngine\Service</Filter>
    </ClCompile>
    <ClCompile Include="MiniEngine\Manager.cpp">
      <Filter>MiniEngine\Service</Filter>
    </ClCompile>
    <ClCompile Include="MiniEngine\Screen.cpp">
      <Filter>MiniEngine\Service</Filter>
    </ClCompile>
    <ClCompile Include="MiniEngine\Collider.cpp">
      <Filter>MiniEngine\Attachment</Filter>
    </ClCompile>
    <ClCompile Include="Clear\ClearCamera.cpp">
      <Filter>GH\GameObject\Clear</Filter>
    </ClCompile>
    <ClCompile Include="Clear\ClearString.cpp">
      <Filter>GH\GameObject\Clear</Filter>
    </ClCompile>
    <ClCompile Include="Play\GiraffePointRoot.cpp">
      <Filter>GH\GameObject\Play</Filter>
    </ClCompile>
    <ClCompile Include="Test\TestGameObjA.cpp">
      <Filter>GH\GameObject\Test</Filter>
    </ClCompile>
    <ClCompile Include="Test\TestGameObjB.cpp">
      <Filter>GH\GameObject\Test</Filter>
    </ClCompile>
    <ClCompile Include="Test\TestGameObjC.cpp">
      <Filter>GH\GameObject\Test</Filter>
    </ClCompile>
    <ClCompile Include="Play\BackgroundCloud.cpp">
      <Filter>GH\GameObject\Play</Filter>
    </ClCompile>
    <ClCompile Include="Play\OccludableObject.cpp">
      <Filter>GH\GameObject\Play</Filter>
    </ClCompile>
    <ClCompile Include="Play\Occluder.cpp">
      <Filter>GH\GameObject\Play</Filter>
    </ClCompile>
    <ClCompile Include="Play\ScoreObject.cpp">
      <Filter>GH\GameObject\Play</Filter>
    </ClCompile>
    <ClCompile Include="TestScene.cpp">
      <Filter>GH\GameScene</Filter>
    </ClCompile>
    <ClCompile Include="Play\Debug.cpp">
      <Filter>GH\GameObject\Play</Filter>
    </ClCompile>
  </ItemGroup>
  <ItemGroup>
    <ClInclude Include="MiniEngine\FrameManager.h">
      <Filter>MiniEngine\Manager</Filter>
    </ClInclude>
    <ClInclude Include="MiniEngine\DxLibManager.h">
      <Filter>MiniEngine\Manager</Filter>
    </ClInclude>
    <ClInclude Include="MiniEngine\ImageManager.h">
      <Filter>MiniEngine\Manager</Filter>
    </ClInclude>
    <ClInclude Include="MiniEngine\InputManager.h">
      <Filter>MiniEngine\Manager</Filter>
    </ClInclude>
    <ClInclude Include="MiniEngine\SceneManager.h">
      <Filter>MiniEngine\Manager</Filter>
    </ClInclude>
    <ClInclude Include="MiniEngine\Vector3.h">
      <Filter>MiniEngine\Utility</Filter>
    </ClInclude>
    <ClInclude Include="MiniEngine\Vector2.h">
      <Filter>MiniEngine\Utility</Filter>
    </ClInclude>
    <ClInclude Include="MiniEngine\Box2.h">
      <Filter>MiniEngine\Utility</Filter>
    </ClInclude>
    <ClInclude Include="MiniEngine\WorldModeVector.h">
      <Filter>MiniEngine</Filter>
    </ClInclude>
    <ClInclude Include="MiniEngine\Transform.h">
      <Filter>MiniEngine\Attachment</Filter>
    </ClInclude>
    <ClInclude Include="MiniEngine\Box3.h">
      <Filter>MiniEngine\Utility</Filter>
    </ClInclude>
    <ClInclude Include="MiniEngine\Collider.h">
      <Filter>MiniEngine\Attachment</Filter>
    </ClInclude>
    <ClInclude Include="MiniEngine\AABBCollider.h">
      <Filter>MiniEngine\Attachment</Filter>
    </ClInclude>
    <ClInclude Include="MiniEngine\MiniEngine.h">
      <Filter>MiniEngine</Filter>
    </ClInclude>
    <ClInclude Include="MiniEngine\GameObjectBuilder.h">
      <Filter>MiniEngine\Builder</Filter>
    </ClInclude>
    <ClInclude Include="MiniEngine\Draw3D.h">
      <Filter>MiniEngine\Utility</Filter>
    </ClInclude>
    <ClInclude Include="PlayScene.h">
      <Filter>GH\GameScene</Filter>
    </ClInclude>
    <ClInclude Include="TitleScene.h">
      <Filter>GH\GameScene</Filter>
    </ClInclude>
    <ClInclude Include="GirafflingHook.h">
      <Filter>GH</Filter>
    </ClInclude>
    <ClInclude Include="MiniEngine\TransformManager.h">
      <Filter>MiniEngine\Manager</Filter>
    </ClInclude>
    <ClInclude Include="Play\Ground.h">
      <Filter>GH\GameObject\Play</Filter>
    </ClInclude>
    <ClInclude Include="Play\Player.h">
      <Filter>GH\GameObject\Play</Filter>
    </ClInclude>
    <ClInclude Include="Title\TitleString.h">
      <Filter>GH\GameObject\Title</Filter>
    </ClInclude>
    <ClInclude Include="Title\SelectButton.h">
      <Filter>GH\GameObject\Title</Filter>
    </ClInclude>
    <ClInclude Include="Play\Camera.h">
      <Filter>GH\GameObject\Play</Filter>
    </ClInclude>
    <ClInclude Include="Title\TitleCamera.h">
      <Filter>GH\GameObject\Title</Filter>
    </ClInclude>
    <ClInclude Include="Play\GiraffePoint.h">
      <Filter>GH\GameObject\Play</Filter>
    </ClInclude>
    <ClInclude Include="MiniEngine\Rigidbody.h">
      <Filter>MiniEngine\Attachment</Filter>
    </ClInclude>
    <ClInclude Include="MiniEngine\PhysicsManager.h">
      <Filter>MiniEngine\Manager</Filter>
    </ClInclude>
    <ClInclude Include="MiniEngine\Vector2Int.h">
      <Filter>MiniEngine\Utility</Filter>
    </ClInclude>
    <ClInclude Include="Play\GroundCollider.h">
      <Filter>GH\GameObject\Play</Filter>
    </ClInclude>
    <ClInclude Include="Play\StageBoard.h">
      <Filter>GH\GameObject\Play</Filter>
    </ClInclude>
    <ClInclude Include="Play\HookArrow.h">
      <Filter>GH\GameObject\Play</Filter>
    </ClInclude>
    <ClInclude Include="MiniEngine\Draw2D.h">
      <Filter>MiniEngine\Utility</Filter>
    </ClInclude>
    <ClInclude Include="Play\Goal.h">
      <Filter>GH\GameObject\Play</Filter>
    </ClInclude>
    <ClInclude Include="MiniEngine\EasingFunctions.h">
      <Filter>MiniEngine\Utility</Filter>
    </ClInclude>
    <ClInclude Include="MiniEngine\ImGuiManager.h">
      <Filter>MiniEngine\Manager</Filter>
    </ClInclude>
    <ClInclude Include="Library\ImGui\imconfig.h">
      <Filter>ImGui</Filter>
    </ClInclude>
    <ClInclude Include="Library\ImGui\imgui.h">
      <Filter>ImGui</Filter>
    </ClInclude>
    <ClInclude Include="Library\ImGui\imgui_impl_dx9.h">
      <Filter>ImGui</Filter>
    </ClInclude>
    <ClInclude Include="Library\ImGui\imgui_impl_dx11.h">
      <Filter>ImGui</Filter>
    </ClInclude>
    <ClInclude Include="Library\ImGui\imgui_impl_dxlib.hpp">
      <Filter>ImGui</Filter>
    </ClInclude>
    <ClInclude Include="Library\ImGui\imgui_impl_win32.h">
      <Filter>ImGui</Filter>
    </ClInclude>
    <ClInclude Include="Library\ImGui\imgui_internal.h">
      <Filter>ImGui</Filter>
    </ClInclude>
    <ClInclude Include="Library\ImGui\imstb_rectpack.h">
      <Filter>ImGui</Filter>
    </ClInclude>
    <ClInclude Include="Library\ImGui\imstb_textedit.h">
      <Filter>ImGui</Filter>
    </ClInclude>
    <ClInclude Include="Library\ImGui\imstb_truetype.h">
      <Filter>ImGui</Filter>
    </ClInclude>
    <ClInclude Include="ClearScene.h">
      <Filter>GH\GameScene</Filter>
    </ClInclude>
    <ClInclude Include="MiniEngine\SoundManager.h">
      <Filter>MiniEngine\Manager</Filter>
    </ClInclude>
    <ClInclude Include="MiniEngine\Frame.h">
      <Filter>MiniEngine\Service</Filter>
    </ClInclude>
    <ClInclude Include="MiniEngine\Event.h">
      <Filter>MiniEngine\Service</Filter>
    </ClInclude>
    <ClInclude Include="MiniEngine\Input.h">
      <Filter>MiniEngine\Service</Filter>
    </ClInclude>
    <ClInclude Include="MiniEngine\KeyCode.h">
      <Filter>MiniEngine\Service</Filter>
    </ClInclude>
    <ClInclude Include="MiniEngine\Sound.h">
      <Filter>MiniEngine\Service</Filter>
    </ClInclude>
    <ClInclude Include="MiniEngine\Attachment.h">
      <Filter>MiniEngine\Service</Filter>
    </ClInclude>
    <ClInclude Include="MiniEngine\Entity.h">
      <Filter>MiniEngine\Service</Filter>
    </ClInclude>
    <ClInclude Include="MiniEngine\Game.h">
      <Filter>MiniEngine\Service</Filter>
    </ClInclude>
    <ClInclude Include="MiniEngine\GameObject.h">
      <Filter>MiniEngine\Service</Filter>
    </ClInclude>
    <ClInclude Include="MiniEngine\GameScene.h">
      <Filter>MiniEngine\Service</Filter>
    </ClInclude>
    <ClInclude Include="MiniEngine\Image.h">
      <Filter>MiniEngine\Service</Filter>
    </ClInclude>
    <ClInclude Include="MiniEngine\Manager.h">
      <Filter>MiniEngine\Service</Filter>
    </ClInclude>
    <ClInclude Include="MiniEngine\Screen.h">
      <Filter>MiniEngine\Service</Filter>
    </ClInclude>
    <ClInclude Include="MiniEngine\ButtonCode.h">
      <Filter>MiniEngine\Service</Filter>
    </ClInclude>
    <ClInclude Include="Clear\ClearString.h">
      <Filter>GH\GameObject\Clear</Filter>
    </ClInclude>
    <ClInclude Include="Clear\ClearCamera.h">
      <Filter>GH\GameObject\Clear</Filter>
    </ClInclude>
    <ClInclude Include="Play\GiraffePointRoot.h">
      <Filter>GH\GameObject\Play</Filter>
    </ClInclude>
    <ClInclude Include="Test\TestGameObjC.h">
      <Filter>GH\GameObject\Test</Filter>
    </ClInclude>
    <ClInclude Include="Test\TestGameObjA.h">
      <Filter>GH\GameObject\Test</Filter>
    </ClInclude>
    <ClInclude Include="Test\TestGameObjB.h">
      <Filter>GH\GameObject\Test</Filter>
    </ClInclude>
    <ClInclude Include="Play\BackgroundCloud.h">
      <Filter>GH\GameObject\Play</Filter>
    </ClInclude>
    <ClInclude Include="Play\OccludableObject.h">
      <Filter>GH\GameObject\Play</Filter>
    </ClInclude>
    <ClInclude Include="Play\Occluder.h">
      <Filter>GH\GameObject\Play</Filter>
    </ClInclude>
    <ClInclude Include="Play\ScoreObject.h">
      <Filter>GH\GameObject\Play</Filter>
    </ClInclude>
    <ClInclude Include="TestScene.h">
      <Filter>GH\GameScene</Filter>
    </ClInclude>
    <ClInclude Include="Play\Debug.h">
      <Filter>GH\GameObject\Play</Filter>
    </ClInclude>
  </ItemGroup>
  <ItemGroup>
    <None Include="MiniEngine\Rule.md" />
    <None Include="StageBoardTemplate.md" />
  </ItemGroup>
</Project>